github.com/davecgh/go-spew v1.1.1 h1:vj9j/u1bqnvCEfJOwUhtlOARqs3+rkHYY13jYWTU97c=
github.com/davecgh/go-spew v1.1.1/go.mod h1:J7Y8YcW2NihsgmVo/mv3lAwl/skON4iLHjSsI+c5H38=
github.com/google/go-cmp v0.5.2 h1:X2ev0eStA3AbceY54o37/0PQ/UWqKEiiO2dKL5OPaFM=
github.com/google/go-cmp v0.5.2/go.mod h1:v8dTdLbMG2kIc/vJvl+f65V22dbkXbowE6jgT/gNBxE=
github.com/google/go-querystring v1.1.0 h1:AnCroh3fv4ZBgVIf1Iwtovgjaw/GiKJo8M8yD/fhyJ8=
github.com/google/go-querystring v1.1.0/go.mod h1:Kcdr2DB4koayq7X8pmAG4sNG59So17icRSOU623lUBU=
github.com/joho/godotenv v1.5.1 h1:7eLL/+HRGLY0ldzfGMeQkb7vMd0as4CfYvUVzLqw0N0=
github.com/joho/godotenv v1.5.1/go.mod h1:f4LDr5Voq0i2e/R5DDNOoa2zzDfwtkZa6DnEwAbqwq4=
github.com/mailersend/mailersend-go v1.5.1 h1:CRVTvzZi858V+x/bxDiNwRYve8GPP6irmjrTQzDHbF4=
github.com/mailersend/mailersend-go v1.5.1/go.mod h1:4MeiOnzmjWCsXRNdjg6NGzsijsVrmQ8E/T003/ystQU=
github.com/pmezard/go-difflib v1.0.0 h1:4DBwDE0NGyQoBHbLQYPwSUPoCMWR5BEzIk/f1lZbAQM=
github.com/pmezard/go-difflib v1.0.0/go.mod h1:iKH77koFhYxTK1pcRnkKkqfTogsbg7gZNVY4sRDYZ/4=
github.com/ralvarezdev/go-concurrency v0.1.1 h1:JePXpUaaH5CYL2jUTnXjAwVR6NHREFB9FPYyb6dlavQ=
github.com/ralvarezdev/go-concurrency v0.1.1/go.mod h1:CXkm6aTnTfvhbXAyImclnWRNOnjFaQf75pTAYbrYQS4=
github.com/ralvarezdev/go-flags v0.3.2 h1:l3f62CD5NysLAJH5XqSRGiakU/dn4pTGdX4yaBlAmMw=
github.com/ralvarezdev/go-flags v0.3.2/go.mod h1:R3yVBYvzwqfOp26LidaiJ/zftVAnPC3pKunVpV/vosE=
github.com/ralvarezdev/go-loader v0.2.14 h1:x7jcOWKfzZ8bKN3CCq0s0H+zPww4v/zK/YMX9JcdTTA=
github.com/ralvarezdev/go-loader v0.2.14/go.mod h1:ECONwy/0yobzhBHzz7Cz/yYvS81fPRgi1j3/nEimQNo=
github.com/ralvarezdev/go-logger v0.4.6 h1:eZalm0WAdNuhzbaVh5D7gC6AFztdpqE/GQfjH2pipyE=
github.com/ralvarezdev/go-logger v0.4.6/go.mod h1:zxuMDHqtV2eoJYtmo219lima0ZSk4p/AGj/cCc390P8=
github.com/ralvarezdev/go-morse v0.1.2 h1:fAHrdWnct8iKCPNyPquVIhqms7ZoUb9plKoqtmsei5k=
github.com/ralvarezdev/go-morse v0.1.2/go.mod h1:k1ILtcecZ/MbclsQk8vTtuYy0BYxCUcXza1mJYZUzpY=
github.com/ralvarezdev/go-strings v0.1.7 h1:rO+4TJmHJTghRWl4Nq6gfnGSyNRerunJrkS03x1SLz4=
github.com/ralvarezdev/go-strings v0.1.7/go.mod h1:8sFOqmPJpqzS7bTjf91EzUCITnwpmkfifwY80GxV5r8=
github.com/stretchr/testify v1.8.4 h1:CcVxjf3Q8PM0mHUKJCdn+eZZtm5yQwehR5yeSVQQcUk=
github.com/stretchr/testify v1.8.4/go.mod h1:sz/lmYIOXD/1dqDmKjjqLyZ2RngseejIcXlSw2iwfAo=
golang.org/x/xerrors v0.0.0-20191204190536-9bdfabe68543/go.mod h1:I/5z698sn9Ka8TeJc9MKroUUfqBBauWjQqLJ2OPfmY0=
gopkg.in/yaml.v3 v3.0.1 h1:fxVm/GzAzEWqLHuvctI91KS9hhNmmWOoWu0XTYJS7CA=
gopkg.in/yaml.v3 v3.0.1/go.mod h1:K4uyk7z7BCEPqu6E+C64Yfv1cQ7kz7rIZviUmN+EgEM=
